
Microsoft Visual Studio Solution File, Format Version 12.00
# Visual Studio Version 16
VisualStudioVersion = 16.0.29411.108
MinimumVisualStudioVersion = 10.0.40219.1
Project("{FAE04EC0-301F-11D3-BF4B-00C04F79EFBC}") = "SimpleCSharpRpgGame", "SimpleCSharpRpgGame\SimpleCSharpRpgGame.csproj", "{7808F2EB-BA19-4506-8CE7-F9F1819101F3}"
EndProject
Project("{FAE04EC0-301F-11D3-BF4B-00C04F79EFBC}") = "Engine", "Engine\Engine.csproj", "{C189B64E-5B4F-47DE-B952-B640F33A64BA}"
EndProject
Global
	GlobalSection(SolutionConfigurationPlatforms) = preSolution
		Debug|Any CPU = Debug|Any CPU
		Release|Any CPU = Release|Any CPU
	EndGlobalSection
	GlobalSection(ProjectConfigurationPlatforms) = postSolution
		{7808F2EB-BA19-4506-8CE7-F9F1819101F3}.Debug|Any CPU.ActiveCfg = Debug|Any CPU
		{7808F2EB-BA19-4506-8CE7-F9F1819101F3}.Debug|Any CPU.Build.0 = Debug|Any CPU
		{7808F2EB-BA19-4506-8CE7-F9F1819101F3}.Release|Any CPU.ActiveCfg = Release|Any CPU
		{7808F2EB-BA19-4506-8CE7-F9F1819101F3}.Release|Any CPU.Build.0 = Release|Any CPU
		{C189B64E-5B4F-47DE-B952-B640F33A64BA}.Debug|Any CPU.ActiveCfg = Debug|Any CPU
		{C189B64E-5B4F-47DE-B952-B640F33A64BA}.Debug|Any CPU.Build.0 = Debug|Any CPU
		{C189B64E-5B4F-47DE-B952-B640F33A64BA}.Release|Any CPU.ActiveCfg = Release|Any CPU
		{C189B64E-5B4F-47DE-B952-B640F33A64BA}.Release|Any CPU.Build.0 = Release|Any CPU
	EndGlobalSection
	GlobalSection(SolutionProperties) = preSolution
		HideSolutionNode = FALSE
	EndGlobalSection
	GlobalSection(ExtensibilityGlobals) = postSolution
		SolutionGuid = {7286F59D-D2A9-4279-A0CC-36EFF8D5E190}
	EndGlobalSection
EndGlobal
